// !$*UTF8*$!
{
	archiveVersion = 1;
	classes = {
	};
	objectVersion = 48;
	objects = {

/* Begin PBXBuildFile section */
		D3F688DD2119E10700FC1028 /* AppDelegate.swift in Sources */ = {isa = PBXBuildFile; fileRef = D3F688DC2119E10700FC1028 /* AppDelegate.swift */; };
		D3F688DF2119E10700FC1028 /* ViewController.swift in Sources */ = {isa = PBXBuildFile; fileRef = D3F688DE2119E10700FC1028 /* ViewController.swift */; };
		D3F688E22119E10700FC1028 /* Main.storyboard in Resources */ = {isa = PBXBuildFile; fileRef = D3F688E02119E10700FC1028 /* Main.storyboard */; };
		D3F688E42119E10700FC1028 /* Assets.xcassets in Resources */ = {isa = PBXBuildFile; fileRef = D3F688E32119E10700FC1028 /* Assets.xcassets */; };
		D3F688E72119E10700FC1028 /* LaunchScreen.storyboard in Resources */ = {isa = PBXBuildFile; fileRef = D3F688E52119E10700FC1028 /* LaunchScreen.storyboard */; };
		D3F688F22119E10700FC1028 /* LightTests.swift in Sources */ = {isa = PBXBuildFile; fileRef = D3F688F12119E10700FC1028 /* LightTests.swift */; };
		D3F688FD2119E10700FC1028 /* LightUITests.swift in Sources */ = {isa = PBXBuildFile; fileRef = D3F688FC2119E10700FC1028 /* LightUITests.swift */; };
/* End PBXBuildFile section */

/* Begin PBXContainerItemProxy section */
		D3F688EE2119E10700FC1028 /* PBXContainerItemProxy */ = {
			isa = PBXContainerItemProxy;
			containerPortal = D3F688D12119E10700FC1028 /* Project object */;
			proxyType = 1;
			remoteGlobalIDString = D3F688D82119E10700FC1028;
			remoteInfo = Light;
		};
		D3F688F92119E10700FC1028 /* PBXContainerItemProxy */ = {
			isa = PBXContainerItemProxy;
			containerPortal = D3F688D12119E10700FC1028 /* Project object */;
			proxyType = 1;
			remoteGlobalIDString = D3F688D82119E10700FC1028;
			remoteInfo = Light;
		};
/* End PBXContainerItemProxy section */

/* Begin PBXFileReference section */
		D3F688D92119E10700FC1028 /* Light.app */ = {isa = PBXFileReference; explicitFileType = wrapper.application; includeInIndex = 0; path = Light.app; sourceTree = BUILT_PRODUCTS_DIR; };
		D3F688DC2119E10700FC1028 /* AppDelegate.swift */ = {isa = PBXFileReference; lastKnownFileType = sourcecode.swift; path = AppDelegate.swift; sourceTree = "<group>"; };
		D3F688DE2119E10700FC1028 /* ViewController.swift */ = {isa = PBXFileReference; lastKnownFileType = sourcecode.swift; path = ViewController.swift; sourceTree = "<group>"; };
		D3F688E12119E10700FC1028 /* Base */ = {isa = PBXFileReference; lastKnownFileType = file.storyboard; name = Base; path = Base.lproj/Main.storyboard; sourceTree = "<group>"; };
		D3F688E32119E10700FC1028 /* Assets.xcassets */ = {isa = PBXFileReference; lastKnownFileType = folder.assetcatalog; path = Assets.xcassets; sourceTree = "<group>"; };
		D3F688E62119E10700FC1028 /* Base */ = {isa = PBXFileReference; lastKnownFileType = file.storyboard; name = Base; path = Base.lproj/LaunchScreen.storyboard; sourceTree = "<group>"; };
		D3F688E82119E10700FC1028 /* Info.plist */ = {isa = PBXFileReference; lastKnownFileType = text.plist.xml; path = Info.plist; sourceTree = "<group>"; };
		D3F688ED2119E10700FC1028 /* LightTests.xctest */ = {isa = PBXFileReference; explicitFileType = wrapper.cfbundle; includeInIndex = 0; path = LightTests.xctest; sourceTree = BUILT_PRODUCTS_DIR; };
		D3F688F12119E10700FC1028 /* LightTests.swift */ = {isa = PBXFileReference; lastKnownFileType = sourcecode.swift; path = LightTests.swift; sourceTree = "<group>"; };
		D3F688F32119E10700FC1028 /* Info.plist */ = {isa = PBXFileReference; lastKnownFileType = text.plist.xml; path = Info.plist; sourceTree = "<group>"; };
		D3F688F82119E10700FC1028 /* LightUITests.xctest */ = {isa = PBXFileReference; explicitFileType = wrapper.cfbundle; includeInIndex = 0; path = LightUITests.xctest; sourceTree = BUILT_PRODUCTS_DIR; };
		D3F688FC2119E10700FC1028 /* LightUITests.swift */ = {isa = PBXFileReference; lastKnownFileType = sourcecode.swift; path = LightUITests.swift; sourceTree = "<group>"; };
		D3F688FE2119E10700FC1028 /* Info.plist */ = {isa = PBXFileReference; lastKnownFileType = text.plist.xml; path = Info.plist; sourceTree = "<group>"; };
/* End PBXFileReference section */

/* Begin PBXFrameworksBuildPhase section */
		D3F688D62119E10700FC1028 /* Frameworks */ = {
			isa = PBXFrameworksBuildPhase;
			buildActionMask = 2147483647;
			files = (
			);
			runOnlyForDeploymentPostprocessing = 0;
		};
		D3F688EA2119E10700FC1028 /* Frameworks */ = {
			isa = PBXFrameworksBuildPhase;
			buildActionMask = 2147483647;
			files = (
			);
			runOnlyForDeploymentPostprocessing = 0;
		};
		D3F688F52119E10700FC1028 /* Frameworks */ = {
			isa = PBXFrameworksBuildPhase;
			buildActionMask = 2147483647;
			files = (
			);
			runOnlyForDeploymentPostprocessing = 0;
		};
/* End PBXFrameworksBuildPhase section */

/* Begin PBXGroup section */
		D3F688D02119E10700FC1028 = {
			isa = PBXGroup;
			children = (
				D3F688DB2119E10700FC1028 /* Light */,
				D3F688F02119E10700FC1028 /* LightTests */,
				D3F688FB2119E10700FC1028 /* LightUITests */,
				D3F688DA2119E10700FC1028 /* Products */,
			);
			sourceTree = "<group>";
		};
		D3F688DA2119E10700FC1028 /* Products */ = {
			isa = PBXGroup;
			children = (
				D3F688D92119E10700FC1028 /* Light.app */,
				D3F688ED2119E10700FC1028 /* LightTests.xctest */,
				D3F688F82119E10700FC1028 /* LightUITests.xctest */,
			);
			name = Products;
			sourceTree = "<group>";
		};
		D3F688DB2119E10700FC1028 /* Light */ = {
			isa = PBXGroup;
			children = (
				D3F688DC2119E10700FC1028 /* AppDelegate.swift */,
				D3F688DE2119E10700FC1028 /* ViewController.swift */,
				D3F688E02119E10700FC1028 /* Main.storyboard */,
				D3F688E32119E10700FC1028 /* Assets.xcassets */,
				D3F688E52119E10700FC1028 /* LaunchScreen.storyboard */,
				D3F688E82119E10700FC1028 /* Info.plist */,
			);
			path = Light;
			sourceTree = "<group>";
		};
		D3F688F02119E10700FC1028 /* LightTests */ = {
			isa = PBXGroup;
			children = (
				D3F688F12119E10700FC1028 /* LightTests.swift */,
				D3F688F32119E10700FC1028 /* Info.plist */,
			);
			path = LightTests;
			sourceTree = "<group>";
		};
		D3F688FB2119E10700FC1028 /* LightUITests */ = {
			isa = PBXGroup;
			children = (
				D3F688FC2119E10700FC1028 /* LightUITests.swift */,
				D3F688FE2119E10700FC1028 /* Info.plist */,
			);
			path = LightUITests;
			sourceTree = "<group>";
		};
/* End PBXGroup section */

/* Begin PBXNativeTarget section */
		D3F688D82119E10700FC1028 /* Light */ = {
			isa = PBXNativeTarget;
			buildConfigurationList = D3F689012119E10700FC1028 /* Build configuration list for PBXNativeTarget "Light" */;
			buildPhases = (
				D3F688D52119E10700FC1028 /* Sources */,
				D3F688D62119E10700FC1028 /* Frameworks */,
				D3F688D72119E10700FC1028 /* Resources */,
			);
			buildRules = (
			);
			dependencies = (
			);
			name = Light;
			productName = Light;
			productReference = D3F688D92119E10700FC1028 /* Light.app */;
			productType = "com.apple.product-type.application";
		};
		D3F688EC2119E10700FC1028 /* LightTests */ = {
			isa = PBXNativeTarget;
			buildConfigurationList = D3F689042119E10700FC1028 /* Build configuration list for PBXNativeTarget "LightTests" */;
			buildPhases = (
				D3F688E92119E10700FC1028 /* Sources */,
				D3F688EA2119E10700FC1028 /* Frameworks */,
				D3F688EB2119E10700FC1028 /* Resources */,
			);
			buildRules = (
			);
			dependencies = (
				D3F688EF2119E10700FC1028 /* PBXTargetDependency */,
			);
			name = LightTests;
			productName = LightTests;
			productReference = D3F688ED2119E10700FC1028 /* LightTests.xctest */;
			productType = "com.apple.product-type.bundle.unit-test";
		};
		D3F688F72119E10700FC1028 /* LightUITests */ = {
			isa = PBXNativeTarget;
			buildConfigurationList = D3F689072119E10700FC1028 /* Build configuration list for PBXNativeTarget "LightUITests" */;
			buildPhases = (
				D3F688F42119E10700FC1028 /* Sources */,
				D3F688F52119E10700FC1028 /* Frameworks */,
				D3F688F62119E10700FC1028 /* Resources */,
			);
			buildRules = (
			);
			dependencies = (
				D3F688FA2119E10700FC1028 /* PBXTargetDependency */,
			);
			name = LightUITests;
			productName = LightUITests;
			productReference = D3F688F82119E10700FC1028 /* LightUITests.xctest */;
			productType = "com.apple.product-type.bundle.ui-testing";
		};
/* End PBXNativeTarget section */

/* Begin PBXProject section */
		D3F688D12119E10700FC1028 /* Project object */ = {
			isa = PBXProject;
			attributes = {
				LastSwiftUpdateCheck = 0920;
				LastUpgradeCheck = 0920;
				ORGANIZATIONNAME = "Renaud Marzana";
				TargetAttributes = {
					D3F688D82119E10700FC1028 = {
						CreatedOnToolsVersion = 9.2;
						ProvisioningStyle = Automatic;
					};
					D3F688EC2119E10700FC1028 = {
						CreatedOnToolsVersion = 9.2;
						ProvisioningStyle = Automatic;
						TestTargetID = D3F688D82119E10700FC1028;
					};
					D3F688F72119E10700FC1028 = {
						CreatedOnToolsVersion = 9.2;
						ProvisioningStyle = Automatic;
						TestTargetID = D3F688D82119E10700FC1028;
					};
				};
			};
			buildConfigurationList = D3F688D42119E10700FC1028 /* Build configuration list for PBXProject "Light" */;
			compatibilityVersion = "Xcode 8.0";
			developmentRegion = en;
			hasScannedForEncodings = 0;
			knownRegions = (
				en,
				Base,
			);
			mainGroup = D3F688D02119E10700FC1028;
			productRefGroup = D3F688DA2119E10700FC1028 /* Products */;
			projectDirPath = "";
			projectRoot = "";
			targets = (
				D3F688D82119E10700FC1028 /* Light */,
				D3F688EC2119E10700FC1028 /* LightTests */,
				D3F688F72119E10700FC1028 /* LightUITests */,
			);
		};
/* End PBXProject section */

/* Begin PBXResourcesBuildPhase section */
		D3F688D72119E10700FC1028 /* Resources */ = {
			isa = PBXResourcesBuildPhase;
			buildActionMask = 2147483647;
			files = (
				D3F688E72119E10700FC1028 /* LaunchScreen.storyboard in Resources */,
				D3F688E42119E10700FC1028 /* Assets.xcassets in Resources */,
				D3F688E22119E10700FC1028 /* Main.storyboard in Resources */,
			);
			runOnlyForDeploymentPostprocessing = 0;
		};
		D3F688EB2119E10700FC1028 /* Resources */ = {
			isa = PBXResourcesBuildPhase;
			buildActionMask = 2147483647;
			files = (
			);
			runOnlyForDeploymentPostprocessing = 0;
		};
		D3F688F62119E10700FC1028 /* Resources */ = {
			isa = PBXResourcesBuildPhase;
			buildActionMask = 2147483647;
			files = (
			);
			runOnlyForDeploymentPostprocessing = 0;
		};
/* End PBXResourcesBuildPhase section */

/* Begin PBXSourcesBuildPhase section */
		D3F688D52119E10700FC1028 /* Sources */ = {
			isa = PBXSourcesBuildPhase;
			buildActionMask = 2147483647;
			files = (
				D3F688DF2119E10700FC1028 /* ViewController.swift in Sources */,
				D3F688DD2119E10700FC1028 /* AppDelegate.swift in Sources */,
			);
			runOnlyForDeploymentPostprocessing = 0;
		};
		D3F688E92119E10700FC1028 /* Sources */ = {
			isa = PBXSourcesBuildPhase;
			buildActionMask = 2147483647;
			files = (
				D3F688F22119E10700FC1028 /* LightTests.swift in Sources */,
			);
			runOnlyForDeploymentPostprocessing = 0;
		};
		D3F688F42119E10700FC1028 /* Sources */ = {
			isa = PBXSourcesBuildPhase;
			buildActionMask = 2147483647;
			files = (
				D3F688FD2119E10700FC1028 /* LightUITests.swift in Sources */,
			);
			runOnlyForDeploymentPostprocessing = 0;
		};
/* End PBXSourcesBuildPhase section */

/* Begin PBXTargetDependency section */
		D3F688EF2119E10700FC1028 /* PBXTargetDependency */ = {
			isa = PBXTargetDependency;
			target = D3F688D82119E10700FC1028 /* Light */;
			targetProxy = D3F688EE2119E10700FC1028 /* PBXContainerItemProxy */;
		};
		D3F688FA2119E10700FC1028 /* PBXTargetDependency */ = {
			isa = PBXTargetDependency;
			target = D3F688D82119E10700FC1028 /* Light */;
			targetProxy = D3F688F92119E10700FC1028 /* PBXContainerItemProxy */;
		};
/* End PBXTargetDependency section */

/* Begin PBXVariantGroup section */
		D3F688E02119E10700FC1028 /* Main.storyboard */ = {
			isa = PBXVariantGroup;
			children = (
				D3F688E12119E10700FC1028 /* Base */,
			);
			name = Main.storyboard;
			sourceTree = "<group>";
		};
		D3F688E52119E10700FC1028 /* LaunchScreen.storyboard */ = {
			isa = PBXVariantGroup;
			children = (
				D3F688E62119E10700FC1028 /* Base */,
			);
			name = LaunchScreen.storyboard;
			sourceTree = "<group>";
		};
/* End PBXVariantGroup section */

/* Begin XCBuildConfiguration section */
		D3F688FF2119E10700FC1028 /* Debug */ = {
			isa = XCBuildConfiguration;
			buildSettings = {
				ALWAYS_SEARCH_USER_PATHS = NO;
				CLANG_ANALYZER_NONNULL = YES;
				CLANG_ANALYZER_NUMBER_OBJECT_CONVERSION = YES_AGGRESSIVE;
				CLANG_CXX_LANGUAGE_STANDARD = "gnu++14";
				CLANG_CXX_LIBRARY = "libc++";
				CLANG_ENABLE_MODULES = YES;
				CLANG_ENABLE_OBJC_ARC = YES;
				CLANG_WARN_BLOCK_CAPTURE_AUTORELEASING = YES;
				CLANG_WARN_BOOL_CONVERSION = YES;
				CLANG_WARN_COMMA = YES;
				CLANG_WARN_CONSTANT_CONVERSION = YES;
				CLANG_WARN_DIRECT_OBJC_ISA_USAGE = YES_ERROR;
				CLANG_WARN_DOCUMENTATION_COMMENTS = YES;
				CLANG_WARN_EMPTY_BODY = YES;
				CLANG_WARN_ENUM_CONVERSION = YES;
				CLANG_WARN_INFINITE_RECURSION = YES;
				CLANG_WARN_INT_CONVERSION = YES;
				CLANG_WARN_NON_LITERAL_NULL_CONVERSION = YES;
				CLANG_WARN_OBJC_LITERAL_CONVERSION = YES;
				CLANG_WARN_OBJC_ROOT_CLASS = YES_ERROR;
				CLANG_WARN_RANGE_LOOP_ANALYSIS = YES;
				CLANG_WARN_STRICT_PROTOTYPES = YES;
				CLANG_WARN_SUSPICIOUS_MOVE = YES;
				CLANG_WARN_UNGUARDED_AVAILABILITY = YES_AGGRESSIVE;
				CLANG_WARN_UNREACHABLE_CODE = YES;
				CLANG_WARN__DUPLICATE_METHOD_MATCH = YES;
				CODE_SIGN_IDENTITY = "iPhone Developer";
				COPY_PHASE_STRIP = NO;
				DEBUG_INFORMATION_FORMAT = dwarf;
				ENABLE_STRICT_OBJC_MSGSEND = YES;
				ENABLE_TESTABILITY = YES;
				GCC_C_LANGUAGE_STANDARD = gnu11;
				GCC_DYNAMIC_NO_PIC = NO;
				GCC_NO_COMMON_BLOCKS = YES;
				GCC_OPTIMIZATION_LEVEL = 0;
				GCC_PREPROCESSOR_DEFINITIONS = (
					"DEBUG=1",
					"$(inherited)",
				);
				GCC_WARN_64_TO_32_BIT_CONVERSION = YES;
				GCC_WARN_ABOUT_RETURN_TYPE = YES_ERROR;
				GCC_WARN_UNDECLARED_SELECTOR = YES;
				GCC_WARN_UNINITIALIZED_AUTOS = YES_AGGRESSIVE;
				GCC_WARN_UNUSED_FUNCTION = YES;
				GCC_WARN_UNUSED_VARIABLE = YES;
				IPHONEOS_DEPLOYMENT_TARGET = 11.2;
				MTL_ENABLE_DEBUG_INFO = YES;
				ONLY_ACTIVE_ARCH = YES;
				SDKROOT = iphoneos;
				SWIFT_ACTIVE_COMPILATION_CONDITIONS = DEBUG;
				SWIFT_OPTIMIZATION_LEVEL = "-Onone";
			};
			name = Debug;
		};
		D3F689002119E10700FC1028 /* Release */ = {
			isa = XCBuildConfiguration;
			buildSettings = {
				ALWAYS_SEARCH_USER_PATHS = NO;
				CLANG_ANALYZER_NONNULL = YES;
				CLANG_ANALYZER_NUMBER_OBJECT_CONVERSION = YES_AGGRESSIVE;
				CLANG_CXX_LANGUAGE_STANDARD = "gnu++14";
				CLANG_CXX_LIBRARY = "libc++";
				CLANG_ENABLE_MODULES = YES;
				CLANG_ENABLE_OBJC_ARC = YES;
				CLANG_WARN_BLOCK_CAPTURE_AUTORELEASING = YES;
				CLANG_WARN_BOOL_CONVERSION = YES;
				CLANG_WARN_COMMA = YES;
				CLANG_WARN_CONSTANT_CONVERSION = YES;
				CLANG_WARN_DIRECT_OBJC_ISA_USAGE = YES_ERROR;
				CLANG_WARN_DOCUMENTATION_COMMENTS = YES;
				CLANG_WARN_EMPTY_BODY = YES;
				CLANG_WARN_ENUM_CONVERSION = YES;
				CLANG_WARN_INFINITE_RECURSION = YES;
				CLANG_WARN_INT_CONVERSION = YES;
				CLANG_WARN_NON_LITERAL_NULL_CONVERSION = YES;
				CLANG_WARN_OBJC_LITERAL_CONVERSION = YES;
				CLANG_WARN_OBJC_ROOT_CLASS = YES_ERROR;
				CLANG_WARN_RANGE_LOOP_ANALYSIS = YES;
				CLANG_WARN_STRICT_PROTOTYPES = YES;
				CLANG_WARN_SUSPICIOUS_MOVE = YES;
				CLANG_WARN_UNGUARDED_AVAILABILITY = YES_AGGRESSIVE;
				CLANG_WARN_UNREACHABLE_CODE = YES;
				CLANG_WARN__DUPLICATE_METHOD_MATCH = YES;
				CODE_SIGN_IDENTITY = "iPhone Developer";
				COPY_PHASE_STRIP = NO;
				DEBUG_INFORMATION_FORMAT = "dwarf-with-dsym";
				ENABLE_NS_ASSERTIONS = NO;
				ENABLE_STRICT_OBJC_MSGSEND = YES;
				GCC_C_LANGUAGE_STANDARD = gnu11;
				GCC_NO_COMMON_BLOCKS = YES;
				GCC_WARN_64_TO_32_BIT_CONVERSION = YES;
				GCC_WARN_ABOUT_RETURN_TYPE = YES_ERROR;
				GCC_WARN_UNDECLARED_SELECTOR = YES;
				GCC_WARN_UNINITIALIZED_AUTOS = YES_AGGRESSIVE;
				GCC_WARN_UNUSED_FUNCTION = YES;
				GCC_WARN_UNUSED_VARIABLE = YES;
				IPHONEOS_DEPLOYMENT_TARGET = 11.2;
				MTL_ENABLE_DEBUG_INFO = NO;
				SDKROOT = iphoneos;
				SWIFT_OPTIMIZATION_LEVEL = "-Owholemodule";
				VALIDATE_PRODUCT = YES;
			};
			name = Release;
		};
		D3F689022119E10700FC1028 /* Debug */ = {
			isa = XCBuildConfiguration;
			buildSettings = {
				ASSETCATALOG_COMPILER_APPICON_NAME = AppIcon;
				CODE_SIGN_STYLE = Automatic;
				DEVELOPMENT_TEAM = GPAP627KZL;
				INFOPLIST_FILE = Light/Info.plist;
				LD_RUNPATH_SEARCH_PATHS = "$(inherited) @executable_path/Frameworks";
				PRODUCT_BUNDLE_IDENTIFIER = plop.Light;
				PRODUCT_NAME = "$(TARGET_NAME)";
				SWIFT_VERSION = 4.0;
				TARGETED_DEVICE_FAMILY = "1,2";
			};
			name = Debug;
		};
		D3F689032119E10700FC1028 /* Release */ = {
			isa = XCBuildConfiguration;
			buildSettings = {
				ASSETCATALOG_COMPILER_APPICON_NAME = AppIcon;
				CODE_SIGN_STYLE = Automatic;
				DEVELOPMENT_TEAM = GPAP627KZL;
				INFOPLIST_FILE = Light/Info.plist;
				LD_RUNPATH_SEARCH_PATHS = "$(inherited) @executable_path/Frameworks";
				PRODUCT_BUNDLE_IDENTIFIER = plop.Light;
				PRODUCT_NAME = "$(TARGET_NAME)";
				SWIFT_VERSION = 4.0;
				TARGETED_DEVICE_FAMILY = "1,2";
			};
			name = Release;
		};
		D3F689052119E10700FC1028 /* Debug */ = {
			isa = XCBuildConfiguration;
			buildSettings = {
				ALWAYS_EMBED_SWIFT_STANDARD_LIBRARIES = YES;
				BUNDLE_LOADER = "$(TEST_HOST)";
				CODE_SIGN_STYLE = Automatic;
				DEVELOPMENT_TEAM = GPAP627KZL;
				INFOPLIST_FILE = LightTests/Info.plist;
				LD_RUNPATH_SEARCH_PATHS = "$(inherited) @executable_path/Frameworks @loader_path/Frameworks";
				PRODUCT_BUNDLE_IDENTIFIER = plop.LightTests;
				PRODUCT_NAME = "$(TARGET_NAME)";
				SWIFT_VERSION = 4.0;
				TARGETED_DEVICE_FAMILY = "1,2";
				TEST_HOST = "$(BUILT_PRODUCTS_DIR)/Light.app/Light";
			};
			name = Debug;
		};
		D3F689062119E10700FC1028 /* Release */ = {
			isa = XCBuildConfiguration;
			buildSettings = {
				ALWAYS_EMBED_SWIFT_STANDARD_LIBRARIES = YES;
				BUNDLE_LOADER = "$(TEST_HOST)";
				CODE_SIGN_STYLE = Automatic;
				DEVELOPMENT_TEAM = GPAP627KZL;
				INFOPLIST_FILE = LightTests/Info.plist;
				LD_RUNPATH_SEARCH_PATHS = "$(inherited) @executable_path/Frameworks @loader_path/Frameworks";
				PRODUCT_BUNDLE_IDENTIFIER = plop.LightTests;
				PRODUCT_NAME = "$(TARGET_NAME)";
				SWIFT_VERSION = 4.0;
				TARGETED_DEVICE_FAMILY = "1,2";
				TEST_HOST = "$(BUILT_PRODUCTS_DIR)/Light.app/Light";
			};
			name = Release;
		};
		D3F689082119E10700FC1028 /* Debug */ = {
			isa = XCBuildConfiguration;
			buildSettings = {
				ALWAYS_EMBED_SWIFT_STANDARD_LIBRARIES = YES;
				CODE_SIGN_STYLE = Automatic;
				DEVELOPMENT_TEAM = GPAP627KZL;
				INFOPLIST_FILE = LightUITests/Info.plist;
				LD_RUNPATH_SEARCH_PATHS = "$(inherited) @executable_path/Frameworks @loader_path/Frameworks";
				PRODUCT_BUNDLE_IDENTIFIER = plop.LightUITests;
				PRODUCT_NAME = "$(TARGET_NAME)";
				SWIFT_VERSION = 4.0;
				TARGETED_DEVICE_FAMILY = "1,2";
				TEST_TARGET_NAME = Light;
			};
			name = Debug;
		};
		D3F689092119E10700FC1028 /* Release */ = {
			isa = XCBuildConfiguration;
			buildSettings = {
				ALWAYS_EMBED_SWIFT_STANDARD_LIBRARIES = YES;
				CODE_SIGN_STYLE = Automatic;
				DEVELOPMENT_TEAM = GPAP627KZL;
				INFOPLIST_FILE = LightUITests/Info.plist;
				LD_RUNPATH_SEARCH_PATHS = "$(inherited) @executable_path/Frameworks @loader_path/Frameworks";
				PRODUCT_BUNDLE_IDENTIFIER = plop.LightUITests;
				PRODUCT_NAME = "$(TARGET_NAME)";
				SWIFT_VERSION = 4.0;
				TARGETED_DEVICE_FAMILY = "1,2";
				TEST_TARGET_NAME = Light;
			};
			name = Release;
		};
/* End XCBuildConfiguration section */

/* Begin XCConfigurationList section */
		D3F688D42119E10700FC1028 /* Build configuration list for PBXProject "Light" */ = {
			isa = XCConfigurationList;
			buildConfigurations = (
				D3F688FF2119E10700FC1028 /* Debug */,
				D3F689002119E10700FC1028 /* Release */,
			);
			defaultConfigurationIsVisible = 0;
			defaultConfigurationName = Release;
		};
		D3F689012119E10700FC1028 /* Build configuration list for PBXNativeTarget "Light" */ = {
			isa = XCConfigurationList;
			buildConfigurations = (
				D3F689022119E10700FC1028 /* Debug */,
				D3F689032119E10700FC1028 /* Release */,
			);
			defaultConfigurationIsVisible = 0;
			defaultConfigurationName = Release;
		};
		D3F689042119E10700FC1028 /* Build configuration list for PBXNativeTarget "LightTests" */ = {
			isa = XCConfigurationList;
			buildConfigurations = (
				D3F689052119E10700FC1028 /* Debug */,
				D3F689062119E10700FC1028 /* Release */,
			);
			defaultConfigurationIsVisible = 0;
			defaultConfigurationName = Release;
		};
		D3F689072119E10700FC1028 /* Build configuration list for PBXNativeTarget "LightUITests" */ = {
			isa = XCConfigurationList;
			buildConfigurations = (
				D3F689082119E10700FC1028 /* Debug */,
				D3F689092119E10700FC1028 /* Release */,
			);
			defaultConfigurationIsVisible = 0;
			defaultConfigurationName = Release;
		};
/* End XCConfigurationList section */
	};
	rootObject = D3F688D12119E10700FC1028 /* Project object */;
}
